// !$*UTF8*$!
{
	archiveVersion = 1;
	classes = {
	};
	objectVersion = 46;
	objects = {

/* Begin PBXBuildFile section */
		1C646CDF18458D500007A2FA /* Foundation.framework in Frameworks */ = {isa = PBXBuildFile; fileRef = 1C646CDE18458D500007A2FA /* Foundation.framework */; };
		1C646CE118458D500007A2FA /* CoreGraphics.framework in Frameworks */ = {isa = PBXBuildFile; fileRef = 1C646CE018458D500007A2FA /* CoreGraphics.framework */; };
		1C646CE318458D500007A2FA /* UIKit.framework in Frameworks */ = {isa = PBXBuildFile; fileRef = 1C646CE218458D500007A2FA /* UIKit.framework */; };
		1C646CE918458D500007A2FA /* InfoPlist.strings in Resources */ = {isa = PBXBuildFile; fileRef = 1C646CE718458D500007A2FA /* InfoPlist.strings */; };
		1C646CEB18458D500007A2FA /* main.m in Sources */ = {isa = PBXBuildFile; fileRef = 1C646CEA18458D500007A2FA /* main.m */; };
		1C646CEF18458D500007A2FA /* AppDelegate.m in Sources */ = {isa = PBXBuildFile; fileRef = 1C646CEE18458D500007A2FA /* AppDelegate.m */; };
		1C646CF218458D500007A2FA /* Main.storyboard in Resources */ = {isa = PBXBuildFile; fileRef = 1C646CF018458D500007A2FA /* Main.storyboard */; };
		1C646CF518458D500007A2FA /* ViewController.m in Sources */ = {isa = PBXBuildFile; fileRef = 1C646CF418458D500007A2FA /* ViewController.m */; };
		1C646CF718458D500007A2FA /* Images.xcassets in Resources */ = {isa = PBXBuildFile; fileRef = 1C646CF618458D500007A2FA /* Images.xcassets */; };
		1C646CFE18458D500007A2FA /* XCTest.framework in Frameworks */ = {isa = PBXBuildFile; fileRef = 1C646CFD18458D500007A2FA /* XCTest.framework */; };
		1C646CFF18458D500007A2FA /* Foundation.framework in Frameworks */ = {isa = PBXBuildFile; fileRef = 1C646CDE18458D500007A2FA /* Foundation.framework */; };
		1C646D0018458D500007A2FA /* UIKit.framework in Frameworks */ = {isa = PBXBuildFile; fileRef = 1C646CE218458D500007A2FA /* UIKit.framework */; };
		1C646D0818458D500007A2FA /* InfoPlist.strings in Resources */ = {isa = PBXBuildFile; fileRef = 1C646D0618458D500007A2FA /* InfoPlist.strings */; };
		1C646D0A18458D500007A2FA /* ScrollingButtonsTests.m in Sources */ = {isa = PBXBuildFile; fileRef = 1C646D0918458D500007A2FA /* ScrollingButtonsTests.m */; };
/* End PBXBuildFile section */

/* Begin PBXContainerItemProxy section */
		1C646D0118458D500007A2FA /* PBXContainerItemProxy */ = {
			isa = PBXContainerItemProxy;
			containerPortal = 1C646CD318458D500007A2FA /* Project object */;
			proxyType = 1;
			remoteGlobalIDString = 1C646CDA18458D500007A2FA;
			remoteInfo = ScrollingButtons;
		};
/* End PBXContainerItemProxy section */

/* Begin PBXFileReference section */
		1C646CDB18458D500007A2FA /* ScrollingButtons.app */ = {isa = PBXFileReference; explicitFileType = wrapper.application; includeInIndex = 0; path = ScrollingButtons.app; sourceTree = BUILT_PRODUCTS_DIR; };
		1C646CDE18458D500007A2FA /* Foundation.framework */ = {isa = PBXFileReference; lastKnownFileType = wrapper.framework; name = Foundation.framework; path = System/Library/Frameworks/Foundation.framework; sourceTree = SDKROOT; };
		1C646CE018458D500007A2FA /* CoreGraphics.framework */ = {isa = PBXFileReference; lastKnownFileType = wrapper.framework; name = CoreGraphics.framework; path = System/Library/Frameworks/CoreGraphics.framework; sourceTree = SDKROOT; };
		1C646CE218458D500007A2FA /* UIKit.framework */ = {isa = PBXFileReference; lastKnownFileType = wrapper.framework; name = UIKit.framework; path = System/Library/Frameworks/UIKit.framework; sourceTree = SDKROOT; };
		1C646CE618458D500007A2FA /* ScrollingButtons-Info.plist */ = {isa = PBXFileReference; lastKnownFileType = text.plist.xml; path = "ScrollingButtons-Info.plist"; sourceTree = "<group>"; };
		1C646CE818458D500007A2FA /* en */ = {isa = PBXFileReference; lastKnownFileType = text.plist.strings; name = en; path = en.lproj/InfoPlist.strings; sourceTree = "<group>"; };
		1C646CEA18458D500007A2FA /* main.m */ = {isa = PBXFileReference; lastKnownFileType = sourcecode.c.objc; path = main.m; sourceTree = "<group>"; };
		1C646CEC18458D500007A2FA /* ScrollingButtons-Prefix.pch */ = {isa = PBXFileReference; lastKnownFileType = sourcecode.c.h; path = "ScrollingButtons-Prefix.pch"; sourceTree = "<group>"; };
		1C646CED18458D500007A2FA /* AppDelegate.h */ = {isa = PBXFileReference; lastKnownFileType = sourcecode.c.h; path = AppDelegate.h; sourceTree = "<group>"; };
		1C646CEE18458D500007A2FA /* AppDelegate.m */ = {isa = PBXFileReference; lastKnownFileType = sourcecode.c.objc; path = AppDelegate.m; sourceTree = "<group>"; };
		1C646CF118458D500007A2FA /* Base */ = {isa = PBXFileReference; lastKnownFileType = file.storyboard; name = Base; path = Base.lproj/Main.storyboard; sourceTree = "<group>"; };
		1C646CF318458D500007A2FA /* ViewController.h */ = {isa = PBXFileReference; lastKnownFileType = sourcecode.c.h; path = ViewController.h; sourceTree = "<group>"; };
		1C646CF418458D500007A2FA /* ViewController.m */ = {isa = PBXFileReference; lastKnownFileType = sourcecode.c.objc; path = ViewController.m; sourceTree = "<group>"; };
		1C646CF618458D500007A2FA /* Images.xcassets */ = {isa = PBXFileReference; lastKnownFileType = folder.assetcatalog; path = Images.xcassets; sourceTree = "<group>"; };
		1C646CFC18458D500007A2FA /* ScrollingButtonsTests.xctest */ = {isa = PBXFileReference; explicitFileType = wrapper.cfbundle; includeInIndex = 0; path = ScrollingButtonsTests.xctest; sourceTree = BUILT_PRODUCTS_DIR; };
		1C646CFD18458D500007A2FA /* XCTest.framework */ = {isa = PBXFileReference; lastKnownFileType = wrapper.framework; name = XCTest.framework; path = System/Library/Frameworks/XCTest.framework; sourceTree = SDKROOT; };
		1C646D0518458D500007A2FA /* ScrollingButtonsTests-Info.plist */ = {isa = PBXFileReference; lastKnownFileType = text.plist.xml; path = "ScrollingButtonsTests-Info.plist"; sourceTree = "<group>"; };
		1C646D0718458D500007A2FA /* en */ = {isa = PBXFileReference; lastKnownFileType = text.plist.strings; name = en; path = en.lproj/InfoPlist.strings; sourceTree = "<group>"; };
		1C646D0918458D500007A2FA /* ScrollingButtonsTests.m */ = {isa = PBXFileReference; lastKnownFileType = sourcecode.c.objc; path = ScrollingButtonsTests.m; sourceTree = "<group>"; };
/* End PBXFileReference section */

/* Begin PBXFrameworksBuildPhase section */
		1C646CD818458D500007A2FA /* Frameworks */ = {
			isa = PBXFrameworksBuildPhase;
			buildActionMask = 2147483647;
			files = (
				1C646CE118458D500007A2FA /* CoreGraphics.framework in Frameworks */,
				1C646CE318458D500007A2FA /* UIKit.framework in Frameworks */,
				1C646CDF18458D500007A2FA /* Foundation.framework in Frameworks */,
			);
			runOnlyForDeploymentPostprocessing = 0;
		};
		1C646CF918458D500007A2FA /* Frameworks */ = {
			isa = PBXFrameworksBuildPhase;
			buildActionMask = 2147483647;
			files = (
				1C646CFE18458D500007A2FA /* XCTest.framework in Frameworks */,
				1C646D0018458D500007A2FA /* UIKit.framework in Frameworks */,
				1C646CFF18458D500007A2FA /* Foundation.framework in Frameworks */,
			);
			runOnlyForDeploymentPostprocessing = 0;
		};
/* End PBXFrameworksBuildPhase section */

/* Begin PBXGroup section */
		1C646CD218458D500007A2FA = {
			isa = PBXGroup;
			children = (
				1C646CE418458D500007A2FA /* ScrollingButtons */,
				1C646D0318458D500007A2FA /* ScrollingButtonsTests */,
				1C646CDD18458D500007A2FA /* Frameworks */,
				1C646CDC18458D500007A2FA /* Products */,
			);
			sourceTree = "<group>";
		};
		1C646CDC18458D500007A2FA /* Products */ = {
			isa = PBXGroup;
			children = (
				1C646CDB18458D500007A2FA /* ScrollingButtons.app */,
				1C646CFC18458D500007A2FA /* ScrollingButtonsTests.xctest */,
			);
			name = Products;
			sourceTree = "<group>";
		};
		1C646CDD18458D500007A2FA /* Frameworks */ = {
			isa = PBXGroup;
			children = (
				1C646CDE18458D500007A2FA /* Foundation.framework */,
				1C646CE018458D500007A2FA /* CoreGraphics.framework */,
				1C646CE218458D500007A2FA /* UIKit.framework */,
				1C646CFD18458D500007A2FA /* XCTest.framework */,
			);
			name = Frameworks;
			sourceTree = "<group>";
		};
		1C646CE418458D500007A2FA /* ScrollingButtons */ = {
			isa = PBXGroup;
			children = (
				1C646CED18458D500007A2FA /* AppDelegate.h */,
				1C646CEE18458D500007A2FA /* AppDelegate.m */,
				1C646CF018458D500007A2FA /* Main.storyboard */,
				1C646CF318458D500007A2FA /* ViewController.h */,
				1C646CF418458D500007A2FA /* ViewController.m */,
				1C646CF618458D500007A2FA /* Images.xcassets */,
				1C646CE518458D500007A2FA /* Supporting Files */,
			);
			path = ScrollingButtons;
			sourceTree = "<group>";
		};
		1C646CE518458D500007A2FA /* Supporting Files */ = {
			isa = PBXGroup;
			children = (
				1C646CE618458D500007A2FA /* ScrollingButtons-Info.plist */,
				1C646CE718458D500007A2FA /* InfoPlist.strings */,
				1C646CEA18458D500007A2FA /* main.m */,
				1C646CEC18458D500007A2FA /* ScrollingButtons-Prefix.pch */,
			);
			name = "Supporting Files";
			sourceTree = "<group>";
		};
		1C646D0318458D500007A2FA /* ScrollingButtonsTests */ = {
			isa = PBXGroup;
			children = (
				1C646D0918458D500007A2FA /* ScrollingButtonsTests.m */,
				1C646D0418458D500007A2FA /* Supporting Files */,
			);
			path = ScrollingButtonsTests;
			sourceTree = "<group>";
		};
		1C646D0418458D500007A2FA /* Supporting Files */ = {
			isa = PBXGroup;
			children = (
				1C646D0518458D500007A2FA /* ScrollingButtonsTests-Info.plist */,
				1C646D0618458D500007A2FA /* InfoPlist.strings */,
			);
			name = "Supporting Files";
			sourceTree = "<group>";
		};
/* End PBXGroup section */

/* Begin PBXNativeTarget section */
		1C646CDA18458D500007A2FA /* ScrollingButtons */ = {
			isa = PBXNativeTarget;
			buildConfigurationList = 1C646D0D18458D500007A2FA /* Build configuration list for PBXNativeTarget "ScrollingButtons" */;
			buildPhases = (
				1C646CD718458D500007A2FA /* Sources */,
				1C646CD818458D500007A2FA /* Frameworks */,
				1C646CD918458D500007A2FA /* Resources */,
			);
			buildRules = (
			);
			dependencies = (
			);
			name = ScrollingButtons;
			productName = ScrollingButtons;
			productReference = 1C646CDB18458D500007A2FA /* ScrollingButtons.app */;
			productType = "com.apple.product-type.application";
		};
		1C646CFB18458D500007A2FA /* ScrollingButtonsTests */ = {
			isa = PBXNativeTarget;
			buildConfigurationList = 1C646D1018458D500007A2FA /* Build configuration list for PBXNativeTarget "ScrollingButtonsTests" */;
			buildPhases = (
				1C646CF818458D500007A2FA /* Sources */,
				1C646CF918458D500007A2FA /* Frameworks */,
				1C646CFA18458D500007A2FA /* Resources */,
			);
			buildRules = (
			);
			dependencies = (
				1C646D0218458D500007A2FA /* PBXTargetDependency */,
			);
			name = ScrollingButtonsTests;
			productName = ScrollingButtonsTests;
			productReference = 1C646CFC18458D500007A2FA /* ScrollingButtonsTests.xctest */;
			productType = "com.apple.product-type.bundle.unit-test";
		};
/* End PBXNativeTarget section */

/* Begin PBXProject section */
		1C646CD318458D500007A2FA /* Project object */ = {
			isa = PBXProject;
			attributes = {
				LastUpgradeCheck = 0500;
				ORGANIZATIONNAME = "Jamie Forrest";
				TargetAttributes = {
					1C646CFB18458D500007A2FA = {
						TestTargetID = 1C646CDA18458D500007A2FA;
					};
				};
			};
			buildConfigurationList = 1C646CD618458D500007A2FA /* Build configuration list for PBXProject "ScrollingButtons" */;
			compatibilityVersion = "Xcode 3.2";
			developmentRegion = English;
			hasScannedForEncodings = 0;
			knownRegions = (
				en,
				Base,
			);
			mainGroup = 1C646CD218458D500007A2FA;
			productRefGroup = 1C646CDC18458D500007A2FA /* Products */;
			projectDirPath = "";
			projectRoot = "";
			targets = (
				1C646CDA18458D500007A2FA /* ScrollingButtons */,
				1C646CFB18458D500007A2FA /* ScrollingButtonsTests */,
			);
		};
/* End PBXProject section */

/* Begin PBXResourcesBuildPhase section */
		1C646CD918458D500007A2FA /* Resources */ = {
			isa = PBXResourcesBuildPhase;
			buildActionMask = 2147483647;
			files = (
				1C646CF718458D500007A2FA /* Images.xcassets in Resources */,
				1C646CE918458D500007A2FA /* InfoPlist.strings in Resources */,
				1C646CF218458D500007A2FA /* Main.storyboard in Resources */,
			);
			runOnlyForDeploymentPostprocessing = 0;
		};
		1C646CFA18458D500007A2FA /* Resources */ = {
			isa = PBXResourcesBuildPhase;
			buildActionMask = 2147483647;
			files = (
				1C646D0818458D500007A2FA /* InfoPlist.strings in Resources */,
			);
			runOnlyForDeploymentPostprocessing = 0;
		};
/* End PBXResourcesBuildPhase section */

/* Begin PBXSourcesBuildPhase section */
		1C646CD718458D500007A2FA /* Sources */ = {
			isa = PBXSourcesBuildPhase;
			buildActionMask = 2147483647;
			files = (
				1C646CF518458D500007A2FA /* ViewController.m in Sources */,
				1C646CEF18458D500007A2FA /* AppDelegate.m in Sources */,
				1C646CEB18458D500007A2FA /* main.m in Sources */,
			);
			runOnlyForDeploymentPostprocessing = 0;
		};
		1C646CF818458D500007A2FA /* Sources */ = {
			isa = PBXSourcesBuildPhase;
			buildActionMask = 2147483647;
			files = (
				1C646D0A18458D500007A2FA /* ScrollingButtonsTests.m in Sources */,
			);
			runOnlyForDeploymentPostprocessing = 0;
		};
/* End PBXSourcesBuildPhase section */

/* Begin PBXTargetDependency section */
		1C646D0218458D500007A2FA /* PBXTargetDependency */ = {
			isa = PBXTargetDependency;
			target = 1C646CDA18458D500007A2FA /* ScrollingButtons */;
			targetProxy = 1C646D0118458D500007A2FA /* PBXContainerItemProxy */;
		};
/* End PBXTargetDependency section */

/* Begin PBXVariantGroup section */
		1C646CE718458D500007A2FA /* InfoPlist.strings */ = {
			isa = PBXVariantGroup;
			children = (
				1C646CE818458D500007A2FA /* en */,
			);
			name = InfoPlist.strings;
			sourceTree = "<group>";
		};
		1C646CF018458D500007A2FA /* Main.storyboard */ = {
			isa = PBXVariantGroup;
			children = (
				1C646CF118458D500007A2FA /* Base */,
			);
			name = Main.storyboard;
			sourceTree = "<group>";
		};
		1C646D0618458D500007A2FA /* InfoPlist.strings */ = {
			isa = PBXVariantGroup;
			children = (
				1C646D0718458D500007A2FA /* en */,
			);
			name = InfoPlist.strings;
			sourceTree = "<group>";
		};
/* End PBXVariantGroup section */

/* Begin XCBuildConfiguration section */
		1C646D0B18458D500007A2FA /* Debug */ = {
			isa = XCBuildConfiguration;
			buildSettings = {
				ALWAYS_SEARCH_USER_PATHS = NO;
				ARCHS = "$(ARCHS_STANDARD_INCLUDING_64_BIT)";
				CLANG_CXX_LANGUAGE_STANDARD = "gnu++0x";
				CLANG_CXX_LIBRARY = "libc++";
				CLANG_ENABLE_MODULES = YES;
				CLANG_ENABLE_OBJC_ARC = YES;
				CLANG_WARN_BOOL_CONVERSION = YES;
				CLANG_WARN_CONSTANT_CONVERSION = YES;
				CLANG_WARN_DIRECT_OBJC_ISA_USAGE = YES_ERROR;
				CLANG_WARN_EMPTY_BODY = YES;
				CLANG_WARN_ENUM_CONVERSION = YES;
				CLANG_WARN_INT_CONVERSION = YES;
				CLANG_WARN_OBJC_ROOT_CLASS = YES_ERROR;
				CLANG_WARN__DUPLICATE_METHOD_MATCH = YES;
				"CODE_SIGN_IDENTITY[sdk=iphoneos*]" = "iPhone Developer";
				COPY_PHASE_STRIP = NO;
				GCC_C_LANGUAGE_STANDARD = gnu99;
				GCC_DYNAMIC_NO_PIC = NO;
				GCC_OPTIMIZATION_LEVEL = 0;
				GCC_PREPROCESSOR_DEFINITIONS = (
					"DEBUG=1",
					"$(inherited)",
				);
				GCC_SYMBOLS_PRIVATE_EXTERN = NO;
				GCC_WARN_64_TO_32_BIT_CONVERSION = YES;
				GCC_WARN_ABOUT_RETURN_TYPE = YES_ERROR;
				GCC_WARN_UNDECLARED_SELECTOR = YES;
				GCC_WARN_UNINITIALIZED_AUTOS = YES;
				GCC_WARN_UNUSED_FUNCTION = YES;
				GCC_WARN_UNUSED_VARIABLE = YES;
				IPHONEOS_DEPLOYMENT_TARGET = 7.0;
				ONLY_ACTIVE_ARCH = YES;
				SDKROOT = iphoneos;
			};
			name = Debug;
		};
		1C646D0C18458D500007A2FA /* Release */ = {
			isa = XCBuildConfiguration;
			buildSettings = {
				ALWAYS_SEARCH_USER_PATHS = NO;
				ARCHS = "$(ARCHS_STANDARD_INCLUDING_64_BIT)";
				CLANG_CXX_LANGUAGE_STANDARD = "gnu++0x";
				CLANG_CXX_LIBRARY = "libc++";
				CLANG_ENABLE_MODULES = YES;
				CLANG_ENABLE_OBJC_ARC = YES;
				CLANG_WARN_BOOL_CONVERSION = YES;
				CLANG_WARN_CONSTANT_CONVERSION = YES;
				CLANG_WARN_DIRECT_OBJC_ISA_USAGE = YES_ERROR;
				CLANG_WARN_EMPTY_BODY = YES;
				CLANG_WARN_ENUM_CONVERSION = YES;
				CLANG_WARN_INT_CONVERSION = YES;
				CLANG_WARN_OBJC_ROOT_CLASS = YES_ERROR;
				CLANG_WARN__DUPLICATE_METHOD_MATCH = YES;
				"CODE_SIGN_IDENTITY[sdk=iphoneos*]" = "iPhone Developer";
				COPY_PHASE_STRIP = YES;
				ENABLE_NS_ASSERTIONS = NO;
				GCC_C_LANGUAGE_STANDARD = gnu99;
				GCC_WARN_64_TO_32_BIT_CONVERSION = YES;
				GCC_WARN_ABOUT_RETURN_TYPE = YES_ERROR;
				GCC_WARN_UNDECLARED_SELECTOR = YES;
				GCC_WARN_UNINITIALIZED_AUTOS = YES;
				GCC_WARN_UNUSED_FUNCTION = YES;
				GCC_WARN_UNUSED_VARIABLE = YES;
				IPHONEOS_DEPLOYMENT_TARGET = 7.0;
				SDKROOT = iphoneos;
				VALIDATE_PRODUCT = YES;
			};
			name = Release;
		};
		1C646D0E18458D500007A2FA /* Debug */ = {
			isa = XCBuildConfiguration;
			buildSettings = {
				ASSETCATALOG_COMPILER_APPICON_NAME = AppIcon;
				ASSETCATALOG_COMPILER_LAUNCHIMAGE_NAME = LaunchImage;
				GCC_PRECOMPILE_PREFIX_HEADER = YES;
				GCC_PREFIX_HEADER = "ScrollingButtons/ScrollingButtons-Prefix.pch";
				INFOPLIST_FILE = "ScrollingButtons/ScrollingButtons-Info.plist";
				PRODUCT_NAME = "$(TARGET_NAME)";
				WRAPPER_EXTENSION = app;
			};
			name = Debug;
		};
		1C646D0F18458D500007A2FA /* Release */ = {
			isa = XCBuildConfiguration;
			buildSettings = {
				ASSETCATALOG_COMPILER_APPICON_NAME = AppIcon;
				ASSETCATALOG_COMPILER_LAUNCHIMAGE_NAME = LaunchImage;
				GCC_PRECOMPILE_PREFIX_HEADER = YES;
				GCC_PREFIX_HEADER = "ScrollingButtons/ScrollingButtons-Prefix.pch";
				INFOPLIST_FILE = "ScrollingButtons/ScrollingButtons-Info.plist";
				PRODUCT_NAME = "$(TARGET_NAME)";
				WRAPPER_EXTENSION = app;
			};
			name = Release;
		};
		1C646D1118458D500007A2FA /* Debug */ = {
			isa = XCBuildConfiguration;
			buildSettings = {
				ARCHS = "$(ARCHS_STANDARD_INCLUDING_64_BIT)";
				BUNDLE_LOADER = "$(BUILT_PRODUCTS_DIR)/ScrollingButtons.app/ScrollingButtons";
				FRAMEWORK_SEARCH_PATHS = (
					"$(SDKROOT)/Developer/Library/Frameworks",
					"$(inherited)",
				);
				GCC_PRECOMPILE_PREFIX_HEADER = YES;
				GCC_PREFIX_HEADER = "ScrollingButtons/ScrollingButtons-Prefix.pch";
				GCC_PREPROCESSOR_DEFINITIONS = (
					"DEBUG=1",
					"$(inherited)",
				);
				INFOPLIST_FILE = "ScrollingButtonsTests/ScrollingButtonsTests-Info.plist";
				PRODUCT_NAME = "$(TARGET_NAME)";
				TEST_HOST = "$(BUNDLE_LOADER)";
				WRAPPER_EXTENSION = xctest;
			};
			name = Debug;
		};
		1C646D1218458D500007A2FA /* Release */ = {
			isa = XCBuildConfiguration;
			buildSettings = {
				ARCHS = "$(ARCHS_STANDARD_INCLUDING_64_BIT)";
				BUNDLE_LOADER = "$(BUILT_PRODUCTS_DIR)/ScrollingButtons.app/ScrollingButtons";
				FRAMEWORK_SEARCH_PATHS = (
					"$(SDKROOT)/Developer/Library/Frameworks",
					"$(inherited)",
				);
				GCC_PRECOMPILE_PREFIX_HEADER = YES;
				GCC_PREFIX_HEADER = "ScrollingButtons/ScrollingButtons-Prefix.pch";
				INFOPLIST_FILE = "ScrollingButtonsTests/ScrollingButtonsTests-Info.plist";
				PRODUCT_NAME = "$(TARGET_NAME)";
				TEST_HOST = "$(BUNDLE_LOADER)";
				WRAPPER_EXTENSION = xctest;
			};
			name = Release;
		};
/* End XCBuildConfiguration section */

/* Begin XCConfigurationList section */
		1C646CD618458D500007A2FA /* Build configuration list for PBXProject "ScrollingButtons" */ = {
			isa = XCConfigurationList;
			buildConfigurations = (
				1C646D0B18458D500007A2FA /* Debug */,
				1C646D0C18458D500007A2FA /* Release */,
			);
			defaultConfigurationIsVisible = 0;
			defaultConfigurationName = Release;
		};
		1C646D0D18458D500007A2FA /* Build configuration list for PBXNativeTarget "ScrollingButtons" */ = {
			isa = XCConfigurationList;
			buildConfigurations = (
				1C646D0E18458D500007A2FA /* Debug */,
				1C646D0F18458D500007A2FA /* Release */,
			);
			defaultConfigurationIsVisible = 0;
		};
		1C646D1018458D500007A2FA /* Build configuration list for PBXNativeTarget "ScrollingButtonsTests" */ = {
			isa = XCConfigurationList;
			buildConfigurations = (
				1C646D1118458D500007A2FA /* Debug */,
				1C646D1218458D500007A2FA /* Release */,
			);
			defaultConfigurationIsVisible = 0;
		};
/* End XCConfigurationList section */
	};
	rootObject = 1C646CD318458D500007A2FA /* Project object */;
}
